
Microsoft Visual Studio Solution File, Format Version 12.00
# Visual Studio Version 16
VisualStudioVersion = 16.0.31911.196
MinimumVisualStudioVersion = 10.0.40219.1
Project("{FAE04EC0-301F-11D3-BF4B-00C04F79EFBC}") = "A2D2B2C4App.Android", "A2D2B2C4App\A2D2B2C4App.Android\A2D2B2C4App.Android.csproj", "{375E368A-D130-4E1A-B14A-3F3222EC169E}"
EndProject
Project("{FAE04EC0-301F-11D3-BF4B-00C04F79EFBC}") = "A2D2B2C4App.iOS", "A2D2B2C4App\A2D2B2C4App.iOS\A2D2B2C4App.iOS.csproj", "{9C1B9667-48D7-4CDD-A170-CF53B6A088F8}"
EndProject
Project("{FAE04EC0-301F-11D3-BF4B-00C04F79EFBC}") = "A2D2B2C4App", "A2D2B2C4App\A2D2B2C4App\A2D2B2C4App.csproj", "{45D2DF67-4437-4D34-AE45-D565E8BF7502}"
EndProject
Global
	GlobalSection(SolutionConfigurationPlatforms) = preSolution
		Debug|Any CPU = Debug|Any CPU
		Debug|iPhone = Debug|iPhone
		Debug|iPhoneSimulator = Debug|iPhoneSimulator
		Release|Any CPU = Release|Any CPU
		Release|iPhone = Release|iPhone
		Release|iPhoneSimulator = Release|iPhoneSimulator
	EndGlobalSection
	GlobalSection(ProjectConfigurationPlatforms) = postSolution
		{375E368A-D130-4E1A-B14A-3F3222EC169E}.Debug|Any CPU.ActiveCfg = Debug|Any CPU
		{375E368A-D130-4E1A-B14A-3F3222EC169E}.Debug|Any CPU.Build.0 = Debug|Any CPU
		{375E368A-D130-4E1A-B14A-3F3222EC169E}.Debug|Any CPU.Deploy.0 = Debug|Any CPU
		{375E368A-D130-4E1A-B14A-3F3222EC169E}.Debug|iPhone.ActiveCfg = Debug|Any CPU
		{375E368A-D130-4E1A-B14A-3F3222EC169E}.Debug|iPhone.Build.0 = Debug|Any CPU
		{375E368A-D130-4E1A-B14A-3F3222EC169E}.Debug|iPhone.Deploy.0 = Debug|Any CPU
		{375E368A-D130-4E1A-B14A-3F3222EC169E}.Debug|iPhoneSimulator.ActiveCfg = Debug|Any CPU
		{375E368A-D130-4E1A-B14A-3F3222EC169E}.Debug|iPhoneSimulator.Build.0 = Debug|Any CPU
		{375E368A-D130-4E1A-B14A-3F3222EC169E}.Debug|iPhoneSimulator.Deploy.0 = Debug|Any CPU
		{375E368A-D130-4E1A-B14A-3F3222EC169E}.Release|Any CPU.ActiveCfg = Release|Any CPU
		{375E368A-D130-4E1A-B14A-3F3222EC169E}.Release|Any CPU.Build.0 = Release|Any CPU
		{375E368A-D130-4E1A-B14A-3F3222EC169E}.Release|Any CPU.Deploy.0 = Release|Any CPU
		{375E368A-D130-4E1A-B14A-3F3222EC169E}.Release|iPhone.ActiveCfg = Release|Any CPU
		{375E368A-D130-4E1A-B14A-3F3222EC169E}.Release|iPhone.Build.0 = Release|Any CPU
		{375E368A-D130-4E1A-B14A-3F3222EC169E}.Release|iPhone.Deploy.0 = Release|Any CPU
		{375E368A-D130-4E1A-B14A-3F3222EC169E}.Release|iPhoneSimulator.ActiveCfg = Release|Any CPU
		{375E368A-D130-4E1A-B14A-3F3222EC169E}.Release|iPhoneSimulator.Build.0 = Release|Any CPU
		{375E368A-D130-4E1A-B14A-3F3222EC169E}.Release|iPhoneSimulator.Deploy.0 = Release|Any CPU
		{9C1B9667-48D7-4CDD-A170-CF53B6A088F8}.Debug|Any CPU.ActiveCfg = Debug|iPhone
		{9C1B9667-48D7-4CDD-A170-CF53B6A088F8}.Debug|Any CPU.Build.0 = Debug|iPhone
		{9C1B9667-48D7-4CDD-A170-CF53B6A088F8}.Debug|Any CPU.Deploy.0 = Debug|iPhone
		{9C1B9667-48D7-4CDD-A170-CF53B6A088F8}.Debug|iPhone.ActiveCfg = Debug|iPhone
		{9C1B9667-48D7-4CDD-A170-CF53B6A088F8}.Debug|iPhone.Build.0 = Debug|iPhone
		{9C1B9667-48D7-4CDD-A170-CF53B6A088F8}.Debug|iPhone.Deploy.0 = Debug|iPhone
		{9C1B9667-48D7-4CDD-A170-CF53B6A088F8}.Debug|iPhoneSimulator.ActiveCfg = Debug|iPhoneSimulator
		{9C1B9667-48D7-4CDD-A170-CF53B6A088F8}.Debug|iPhoneSimulator.Build.0 = Debug|iPhoneSimulator
		{9C1B9667-48D7-4CDD-A170-CF53B6A088F8}.Debug|iPhoneSimulator.Deploy.0 = Debug|iPhoneSimulator
		{9C1B9667-48D7-4CDD-A170-CF53B6A088F8}.Release|Any CPU.ActiveCfg = Release|iPhoneSimulator
		{9C1B9667-48D7-4CDD-A170-CF53B6A088F8}.Release|Any CPU.Build.0 = Release|iPhoneSimulator
		{9C1B9667-48D7-4CDD-A170-CF53B6A088F8}.Release|Any CPU.Deploy.0 = Release|iPhoneSimulator
		{9C1B9667-48D7-4CDD-A170-CF53B6A088F8}.Release|iPhone.ActiveCfg = Release|iPhone
		{9C1B9667-48D7-4CDD-A170-CF53B6A088F8}.Release|iPhone.Build.0 = Release|iPhone
		{9C1B9667-48D7-4CDD-A170-CF53B6A088F8}.Release|iPhone.Deploy.0 = Release|iPhone
		{9C1B9667-48D7-4CDD-A170-CF53B6A088F8}.Release|iPhoneSimulator.ActiveCfg = Release|iPhoneSimulator
		{9C1B9667-48D7-4CDD-A170-CF53B6A088F8}.Release|iPhoneSimulator.Build.0 = Release|iPhoneSimulator
		{9C1B9667-48D7-4CDD-A170-CF53B6A088F8}.Release|iPhoneSimulator.Deploy.0 = Release|iPhoneSimulator
		{45D2DF67-4437-4D34-AE45-D565E8BF7502}.Debug|Any CPU.ActiveCfg = Debug|Any CPU
		{45D2DF67-4437-4D34-AE45-D565E8BF7502}.Debug|Any CPU.Build.0 = Debug|Any CPU
		{45D2DF67-4437-4D34-AE45-D565E8BF7502}.Debug|Any CPU.Deploy.0 = Debug|Any CPU
		{45D2DF67-4437-4D34-AE45-D565E8BF7502}.Debug|iPhone.ActiveCfg = Debug|Any CPU
		{45D2DF67-4437-4D34-AE45-D565E8BF7502}.Debug|iPhone.Build.0 = Debug|Any CPU
		{45D2DF67-4437-4D34-AE45-D565E8BF7502}.Debug|iPhone.Deploy.0 = Debug|Any CPU
		{45D2DF67-4437-4D34-AE45-D565E8BF7502}.Debug|iPhoneSimulator.ActiveCfg = Debug|Any CPU
		{45D2DF67-4437-4D34-AE45-D565E8BF7502}.Debug|iPhoneSimulator.Build.0 = Debug|Any CPU
		{45D2DF67-4437-4D34-AE45-D565E8BF7502}.Debug|iPhoneSimulator.Deploy.0 = Debug|Any CPU
		{45D2DF67-4437-4D34-AE45-D565E8BF7502}.Release|Any CPU.ActiveCfg = Release|Any CPU
		{45D2DF67-4437-4D34-AE45-D565E8BF7502}.Release|Any CPU.Build.0 = Release|Any CPU
		{45D2DF67-4437-4D34-AE45-D565E8BF7502}.Release|Any CPU.Deploy.0 = Release|Any CPU
		{45D2DF67-4437-4D34-AE45-D565E8BF7502}.Release|iPhone.ActiveCfg = Release|Any CPU
		{45D2DF67-4437-4D34-AE45-D565E8BF7502}.Release|iPhone.Build.0 = Release|Any CPU
		{45D2DF67-4437-4D34-AE45-D565E8BF7502}.Release|iPhone.Deploy.0 = Release|Any CPU
		{45D2DF67-4437-4D34-AE45-D565E8BF7502}.Release|iPhoneSimulator.ActiveCfg = Release|Any CPU
		{45D2DF67-4437-4D34-AE45-D565E8BF7502}.Release|iPhoneSimulator.Build.0 = Release|Any CPU
		{45D2DF67-4437-4D34-AE45-D565E8BF7502}.Release|iPhoneSimulator.Deploy.0 = Release|Any CPU
	EndGlobalSection
	GlobalSection(SolutionProperties) = preSolution
		HideSolutionNode = FALSE
	EndGlobalSection
	GlobalSection(ExtensibilityGlobals) = postSolution
		SolutionGuid = {2B4498FD-D49D-48BA-BE07-5021433220BC}
	EndGlobalSection
EndGlobal
